dependencies:
- name: prometheus
  repository: https://prometheus-community.github.io/helm-charts
  version: 25.27.0
- name: grafana
  repository: https://grafana.github.io/helm-charts
  version: 8.6.4
- name: prometheus-adapter
  repository: https://prometheus-community.github.io/helm-charts
  version: 4.10.0
digest: sha256:211cfa4e39e607923fb02970535253c2b3dcbcdd7e9769c5a3521f9915a4186a
generated: "2026-03-02T14:34:35.569954Z"
