dependencies:
- name: prometheus
  repository: https://prometheus-community.github.io/helm-charts
  version: 25.27.0
- name: grafana
  repository: https://grafana.github.io/helm-charts
  version: 8.6.4
- name: prometheus-adapter
  repository: https://prometheus-community.github.io/helm-charts
  version: 4.10.0
digest: sha256:318fff5e591892323910bec111c1ce85e7bd53aa1b53465aec3877ead2c26e2a
generated: "2026-03-02T01:40:27.478088Z"
